
Microsoft Visual Studio Solution File, Format Version 12.00
# Visual Studio Version 17
VisualStudioVersion = 17.5.33516.290
MinimumVisualStudioVersion = 10.0.40219.1
Project("{FAE04EC0-301F-11D3-BF4B-00C04F79EFBC}") = "CSharp_Rev_Shell", "CSharp_Rev_Shell.csproj", "{55FDBD10-B829-4854-BA4E-AFD33FB2EA51}"
EndProject
Global
	GlobalSection(SolutionConfigurationPlatforms) = preSolution
		Debug|Any CPU = Debug|Any CPU
		Release|Any CPU = Release|Any CPU
	EndGlobalSection
	GlobalSection(ProjectConfigurationPlatforms) = postSolution
		{55FDBD10-B829-4854-BA4E-AFD33FB2EA51}.Debug|Any CPU.ActiveCfg = Debug|Any CPU
		{55FDBD10-B829-4854-BA4E-AFD33FB2EA51}.Debug|Any CPU.Build.0 = Debug|Any CPU
		{55FDBD10-B829-4854-BA4E-AFD33FB2EA51}.Release|Any CPU.ActiveCfg = Release|Any CPU
		{55FDBD10-B829-4854-BA4E-AFD33FB2EA51}.Release|Any CPU.Build.0 = Release|Any CPU
	EndGlobalSection
	GlobalSection(SolutionProperties) = preSolution
		HideSolutionNode = FALSE
	EndGlobalSection
	GlobalSection(ExtensibilityGlobals) = postSolution
		SolutionGuid = {8D4FC02B-DCE0-4FDF-B8B8-3A8D1A571DBF}
	EndGlobalSection
EndGlobal
